// !$*UTF8*$!
{
	archiveVersion = 1;
	classes = {
	};
	objectVersion = 56;
	objects = {

/* Begin PBXBuildFile section */
		C5B95FE92A9C70DA00A21123 /* Onboarding.swift in Sources */ = {isa = PBXBuildFile; fileRef = C5B95FE82A9C70DA00A21123 /* Onboarding.swift */; };
		C5B95FED2A9C73FF00A21123 /* Home.swift in Sources */ = {isa = PBXBuildFile; fileRef = C5B95FEC2A9C73FF00A21123 /* Home.swift */; };
		C5B95FEF2A9C750900A21123 /* Menu.swift in Sources */ = {isa = PBXBuildFile; fileRef = C5B95FEE2A9C750900A21123 /* Menu.swift */; };
		C5B95FF12A9C778A00A21123 /* UserProfile.swift in Sources */ = {isa = PBXBuildFile; fileRef = C5B95FF02A9C778A00A21123 /* UserProfile.swift */; };
		C5BB26022A9A74DE007F5947 /* little_lemon_capstoneApp.swift in Sources */ = {isa = PBXBuildFile; fileRef = C5BB26012A9A74DE007F5947 /* little_lemon_capstoneApp.swift */; };
		C5BB26062A9A74E0007F5947 /* Assets.xcassets in Resources */ = {isa = PBXBuildFile; fileRef = C5BB26052A9A74E0007F5947 /* Assets.xcassets */; };
		C5BB26092A9A74E0007F5947 /* Preview Assets.xcassets in Resources */ = {isa = PBXBuildFile; fileRef = C5BB26082A9A74E0007F5947 /* Preview Assets.xcassets */; };
		C5BB260E2A9A74E0007F5947 /* little_lemon_capstone.xcdatamodeld in Sources */ = {isa = PBXBuildFile; fileRef = C5BB260C2A9A74E0007F5947 /* little_lemon_capstone.xcdatamodeld */; };
		C5BB26182A9A74E1007F5947 /* little_lemon_capstoneTests.swift in Sources */ = {isa = PBXBuildFile; fileRef = C5BB26172A9A74E1007F5947 /* little_lemon_capstoneTests.swift */; };
		C5BB26222A9A74E1007F5947 /* little_lemon_capstoneUITests.swift in Sources */ = {isa = PBXBuildFile; fileRef = C5BB26212A9A74E1007F5947 /* little_lemon_capstoneUITests.swift */; };
		C5BB26242A9A74E1007F5947 /* little_lemon_capstoneUITestsLaunchTests.swift in Sources */ = {isa = PBXBuildFile; fileRef = C5BB26232A9A74E1007F5947 /* little_lemon_capstoneUITestsLaunchTests.swift */; };
		C5F63F642A9E12680057AB25 /* FetchedObjects.swift in Sources */ = {isa = PBXBuildFile; fileRef = C5F63F632A9E12680057AB25 /* FetchedObjects.swift */; };
		C5F63F662A9E126F0057AB25 /* Persistence.swift in Sources */ = {isa = PBXBuildFile; fileRef = C5F63F652A9E126F0057AB25 /* Persistence.swift */; };
		C5F63F692A9E14000057AB25 /* MenuList.swift in Sources */ = {isa = PBXBuildFile; fileRef = C5F63F682A9E14000057AB25 /* MenuList.swift */; };
		C5F63F6B2A9E14110057AB25 /* MenuItem.swift in Sources */ = {isa = PBXBuildFile; fileRef = C5F63F6A2A9E14110057AB25 /* MenuItem.swift */; };
		C5F63F6E2A9E17650057AB25 /* ExampleDatabase.xcdatamodeld in Sources */ = {isa = PBXBuildFile; fileRef = C5F63F6C2A9E17650057AB25 /* ExampleDatabase.xcdatamodeld */; };
		C5F63F712A9E195E0057AB25 /* DishRow.swift in Sources */ = {isa = PBXBuildFile; fileRef = C5F63F702A9E195E0057AB25 /* DishRow.swift */; };
/* End PBXBuildFile section */

/* Begin PBXContainerItemProxy section */
		C5BB26142A9A74E1007F5947 /* PBXContainerItemProxy */ = {
			isa = PBXContainerItemProxy;
			containerPortal = C5BB25F62A9A74DE007F5947 /* Project object */;
			proxyType = 1;
			remoteGlobalIDString = C5BB25FD2A9A74DE007F5947;
			remoteInfo = "little-lemon-capstone";
		};
		C5BB261E2A9A74E1007F5947 /* PBXContainerItemProxy */ = {
			isa = PBXContainerItemProxy;
			containerPortal = C5BB25F62A9A74DE007F5947 /* Project object */;
			proxyType = 1;
			remoteGlobalIDString = C5BB25FD2A9A74DE007F5947;
			remoteInfo = "little-lemon-capstone";
		};
/* End PBXContainerItemProxy section */

/* Begin PBXFileReference section */
		C5B95FE82A9C70DA00A21123 /* Onboarding.swift */ = {isa = PBXFileReference; lastKnownFileType = sourcecode.swift; path = Onboarding.swift; sourceTree = "<group>"; };
		C5B95FEC2A9C73FF00A21123 /* Home.swift */ = {isa = PBXFileReference; lastKnownFileType = sourcecode.swift; path = Home.swift; sourceTree = "<group>"; };
		C5B95FEE2A9C750900A21123 /* Menu.swift */ = {isa = PBXFileReference; lastKnownFileType = sourcecode.swift; path = Menu.swift; sourceTree = "<group>"; };
		C5B95FF02A9C778A00A21123 /* UserProfile.swift */ = {isa = PBXFileReference; lastKnownFileType = sourcecode.swift; path = UserProfile.swift; sourceTree = "<group>"; };
		C5BB25FE2A9A74DE007F5947 /* little-lemon-capstone.app */ = {isa = PBXFileReference; explicitFileType = wrapper.application; includeInIndex = 0; path = "little-lemon-capstone.app"; sourceTree = BUILT_PRODUCTS_DIR; };
		C5BB26012A9A74DE007F5947 /* little_lemon_capstoneApp.swift */ = {isa = PBXFileReference; lastKnownFileType = sourcecode.swift; path = little_lemon_capstoneApp.swift; sourceTree = "<group>"; };
		C5BB26052A9A74E0007F5947 /* Assets.xcassets */ = {isa = PBXFileReference; lastKnownFileType = folder.assetcatalog; path = Assets.xcassets; sourceTree = "<group>"; };
		C5BB26082A9A74E0007F5947 /* Preview Assets.xcassets */ = {isa = PBXFileReference; lastKnownFileType = folder.assetcatalog; path = "Preview Assets.xcassets"; sourceTree = "<group>"; };
		C5BB260D2A9A74E0007F5947 /* little_lemon_capstone.xcdatamodel */ = {isa = PBXFileReference; lastKnownFileType = wrapper.xcdatamodel; path = little_lemon_capstone.xcdatamodel; sourceTree = "<group>"; };
		C5BB26132A9A74E1007F5947 /* little-lemon-capstoneTests.xctest */ = {isa = PBXFileReference; explicitFileType = wrapper.cfbundle; includeInIndex = 0; path = "little-lemon-capstoneTests.xctest"; sourceTree = BUILT_PRODUCTS_DIR; };
		C5BB26172A9A74E1007F5947 /* little_lemon_capstoneTests.swift */ = {isa = PBXFileReference; lastKnownFileType = sourcecode.swift; path = little_lemon_capstoneTests.swift; sourceTree = "<group>"; };
		C5BB261D2A9A74E1007F5947 /* little-lemon-capstoneUITests.xctest */ = {isa = PBXFileReference; explicitFileType = wrapper.cfbundle; includeInIndex = 0; path = "little-lemon-capstoneUITests.xctest"; sourceTree = BUILT_PRODUCTS_DIR; };
		C5BB26212A9A74E1007F5947 /* little_lemon_capstoneUITests.swift */ = {isa = PBXFileReference; lastKnownFileType = sourcecode.swift; path = little_lemon_capstoneUITests.swift; sourceTree = "<group>"; };
		C5BB26232A9A74E1007F5947 /* little_lemon_capstoneUITestsLaunchTests.swift */ = {isa = PBXFileReference; lastKnownFileType = sourcecode.swift; path = little_lemon_capstoneUITestsLaunchTests.swift; sourceTree = "<group>"; };
		C5F63F632A9E12680057AB25 /* FetchedObjects.swift */ = {isa = PBXFileReference; fileEncoding = 4; lastKnownFileType = sourcecode.swift; path = FetchedObjects.swift; sourceTree = "<group>"; };
		C5F63F652A9E126F0057AB25 /* Persistence.swift */ = {isa = PBXFileReference; fileEncoding = 4; lastKnownFileType = sourcecode.swift; path = Persistence.swift; sourceTree = "<group>"; };
		C5F63F682A9E14000057AB25 /* MenuList.swift */ = {isa = PBXFileReference; lastKnownFileType = sourcecode.swift; path = MenuList.swift; sourceTree = "<group>"; };
		C5F63F6A2A9E14110057AB25 /* MenuItem.swift */ = {isa = PBXFileReference; lastKnownFileType = sourcecode.swift; path = MenuItem.swift; sourceTree = "<group>"; };
		C5F63F6D2A9E17650057AB25 /* ExampleDatabase.xcdatamodel */ = {isa = PBXFileReference; lastKnownFileType = wrapper.xcdatamodel; path = ExampleDatabase.xcdatamodel; sourceTree = "<group>"; };
		C5F63F702A9E195E0057AB25 /* DishRow.swift */ = {isa = PBXFileReference; lastKnownFileType = sourcecode.swift; path = DishRow.swift; sourceTree = "<group>"; };
		C5F63F722A9F1F650057AB25 /* Info.plist */ = {isa = PBXFileReference; lastKnownFileType = text.plist; path = Info.plist; sourceTree = "<group>"; };
/* End PBXFileReference section */

/* Begin PBXFrameworksBuildPhase section */
		C5BB25FB2A9A74DE007F5947 /* Frameworks */ = {
			isa = PBXFrameworksBuildPhase;
			buildActionMask = 2147483647;
			files = (
			);
			runOnlyForDeploymentPostprocessing = 0;
		};
		C5BB26102A9A74E1007F5947 /* Frameworks */ = {
			isa = PBXFrameworksBuildPhase;
			buildActionMask = 2147483647;
			files = (
			);
			runOnlyForDeploymentPostprocessing = 0;
		};
		C5BB261A2A9A74E1007F5947 /* Frameworks */ = {
			isa = PBXFrameworksBuildPhase;
			buildActionMask = 2147483647;
			files = (
			);
			runOnlyForDeploymentPostprocessing = 0;
		};
/* End PBXFrameworksBuildPhase section */

/* Begin PBXGroup section */
		C5BB25F52A9A74DE007F5947 = {
			isa = PBXGroup;
			children = (
				C5BB26002A9A74DE007F5947 /* little-lemon-capstone */,
				C5BB26162A9A74E1007F5947 /* little-lemon-capstoneTests */,
				C5BB26202A9A74E1007F5947 /* little-lemon-capstoneUITests */,
				C5BB25FF2A9A74DE007F5947 /* Products */,
			);
			sourceTree = "<group>";
		};
		C5BB25FF2A9A74DE007F5947 /* Products */ = {
			isa = PBXGroup;
			children = (
				C5BB25FE2A9A74DE007F5947 /* little-lemon-capstone.app */,
				C5BB26132A9A74E1007F5947 /* little-lemon-capstoneTests.xctest */,
				C5BB261D2A9A74E1007F5947 /* little-lemon-capstoneUITests.xctest */,
			);
			name = Products;
			sourceTree = "<group>";
		};
		C5BB26002A9A74DE007F5947 /* little-lemon-capstone */ = {
			isa = PBXGroup;
			children = (
				C5F63F722A9F1F650057AB25 /* Info.plist */,
				C5BB26012A9A74DE007F5947 /* little_lemon_capstoneApp.swift */,
				C5B95FE82A9C70DA00A21123 /* Onboarding.swift */,
				C5B95FEC2A9C73FF00A21123 /* Home.swift */,
				C5B95FEE2A9C750900A21123 /* Menu.swift */,
				C5B95FF02A9C778A00A21123 /* UserProfile.swift */,
				C5F63F632A9E12680057AB25 /* FetchedObjects.swift */,
				C5F63F652A9E126F0057AB25 /* Persistence.swift */,
				C5F63F6C2A9E17650057AB25 /* ExampleDatabase.xcdatamodeld */,
				C5F63F6F2A9E193D0057AB25 /* UIElements */,
				C5F63F672A9E13E20057AB25 /* Models */,
				C5BB26052A9A74E0007F5947 /* Assets.xcassets */,
				C5BB260C2A9A74E0007F5947 /* little_lemon_capstone.xcdatamodeld */,
				C5BB26072A9A74E0007F5947 /* Preview Content */,
			);
			path = "little-lemon-capstone";
			sourceTree = "<group>";
		};
		C5BB26072A9A74E0007F5947 /* Preview Content */ = {
			isa = PBXGroup;
			children = (
				C5BB26082A9A74E0007F5947 /* Preview Assets.xcassets */,
			);
			path = "Preview Content";
			sourceTree = "<group>";
		};
		C5BB26162A9A74E1007F5947 /* little-lemon-capstoneTests */ = {
			isa = PBXGroup;
			children = (
				C5BB26172A9A74E1007F5947 /* little_lemon_capstoneTests.swift */,
			);
			path = "little-lemon-capstoneTests";
			sourceTree = "<group>";
		};
		C5BB26202A9A74E1007F5947 /* little-lemon-capstoneUITests */ = {
			isa = PBXGroup;
			children = (
				C5BB26212A9A74E1007F5947 /* little_lemon_capstoneUITests.swift */,
				C5BB26232A9A74E1007F5947 /* little_lemon_capstoneUITestsLaunchTests.swift */,
			);
			path = "little-lemon-capstoneUITests";
			sourceTree = "<group>";
		};
		C5F63F672A9E13E20057AB25 /* Models */ = {
			isa = PBXGroup;
			children = (
				C5F63F682A9E14000057AB25 /* MenuList.swift */,
				C5F63F6A2A9E14110057AB25 /* MenuItem.swift */,
			);
			path = Models;
			sourceTree = "<group>";
		};
		C5F63F6F2A9E193D0057AB25 /* UIElements */ = {
			isa = PBXGroup;
			children = (
				C5F63F702A9E195E0057AB25 /* DishRow.swift */,
			);
			path = UIElements;
			sourceTree = "<group>";
		};
/* End PBXGroup section */

/* Begin PBXNativeTarget section */
		C5BB25FD2A9A74DE007F5947 /* little-lemon-capstone */ = {
			isa = PBXNativeTarget;
			buildConfigurationList = C5BB26272A9A74E1007F5947 /* Build configuration list for PBXNativeTarget "little-lemon-capstone" */;
			buildPhases = (
				C5BB25FA2A9A74DE007F5947 /* Sources */,
				C5BB25FB2A9A74DE007F5947 /* Frameworks */,
				C5BB25FC2A9A74DE007F5947 /* Resources */,
			);
			buildRules = (
			);
			dependencies = (
			);
			name = "little-lemon-capstone";
			productName = "little-lemon-capstone";
			productReference = C5BB25FE2A9A74DE007F5947 /* little-lemon-capstone.app */;
			productType = "com.apple.product-type.application";
		};
		C5BB26122A9A74E1007F5947 /* little-lemon-capstoneTests */ = {
			isa = PBXNativeTarget;
			buildConfigurationList = C5BB262A2A9A74E1007F5947 /* Build configuration list for PBXNativeTarget "little-lemon-capstoneTests" */;
			buildPhases = (
				C5BB260F2A9A74E1007F5947 /* Sources */,
				C5BB26102A9A74E1007F5947 /* Frameworks */,
				C5BB26112A9A74E1007F5947 /* Resources */,
			);
			buildRules = (
			);
			dependencies = (
				C5BB26152A9A74E1007F5947 /* PBXTargetDependency */,
			);
			name = "little-lemon-capstoneTests";
			productName = "little-lemon-capstoneTests";
			productReference = C5BB26132A9A74E1007F5947 /* little-lemon-capstoneTests.xctest */;
			productType = "com.apple.product-type.bundle.unit-test";
		};
		C5BB261C2A9A74E1007F5947 /* little-lemon-capstoneUITests */ = {
			isa = PBXNativeTarget;
			buildConfigurationList = C5BB262D2A9A74E1007F5947 /* Build configuration list for PBXNativeTarget "little-lemon-capstoneUITests" */;
			buildPhases = (
				C5BB26192A9A74E1007F5947 /* Sources */,
				C5BB261A2A9A74E1007F5947 /* Frameworks */,
				C5BB261B2A9A74E1007F5947 /* Resources */,
			);
			buildRules = (
			);
			dependencies = (
				C5BB261F2A9A74E1007F5947 /* PBXTargetDependency */,
			);
			name = "little-lemon-capstoneUITests";
			productName = "little-lemon-capstoneUITests";
			productReference = C5BB261D2A9A74E1007F5947 /* little-lemon-capstoneUITests.xctest */;
			productType = "com.apple.product-type.bundle.ui-testing";
		};
/* End PBXNativeTarget section */

/* Begin PBXProject section */
		C5BB25F62A9A74DE007F5947 /* Project object */ = {
			isa = PBXProject;
			attributes = {
				BuildIndependentTargetsInParallel = 1;
				LastSwiftUpdateCheck = 1430;
				LastUpgradeCheck = 1430;
				TargetAttributes = {
					C5BB25FD2A9A74DE007F5947 = {
						CreatedOnToolsVersion = 14.3.1;
					};
					C5BB26122A9A74E1007F5947 = {
						CreatedOnToolsVersion = 14.3.1;
						TestTargetID = C5BB25FD2A9A74DE007F5947;
					};
					C5BB261C2A9A74E1007F5947 = {
						CreatedOnToolsVersion = 14.3.1;
						TestTargetID = C5BB25FD2A9A74DE007F5947;
					};
				};
			};
			buildConfigurationList = C5BB25F92A9A74DE007F5947 /* Build configuration list for PBXProject "little-lemon-capstone" */;
			compatibilityVersion = "Xcode 14.0";
			developmentRegion = en;
			hasScannedForEncodings = 0;
			knownRegions = (
				en,
				Base,
			);
			mainGroup = C5BB25F52A9A74DE007F5947;
			productRefGroup = C5BB25FF2A9A74DE007F5947 /* Products */;
			projectDirPath = "";
			projectRoot = "";
			targets = (
				C5BB25FD2A9A74DE007F5947 /* little-lemon-capstone */,
				C5BB26122A9A74E1007F5947 /* little-lemon-capstoneTests */,
				C5BB261C2A9A74E1007F5947 /* little-lemon-capstoneUITests */,
			);
		};
/* End PBXProject section */

/* Begin PBXResourcesBuildPhase section */
		C5BB25FC2A9A74DE007F5947 /* Resources */ = {
			isa = PBXResourcesBuildPhase;
			buildActionMask = 2147483647;
			files = (
				C5BB26092A9A74E0007F5947 /* Preview Assets.xcassets in Resources */,
				C5BB26062A9A74E0007F5947 /* Assets.xcassets in Resources */,
			);
			runOnlyForDeploymentPostprocessing = 0;
		};
		C5BB26112A9A74E1007F5947 /* Resources */ = {
			isa = PBXResourcesBuildPhase;
			buildActionMask = 2147483647;
			files = (
			);
			runOnlyForDeploymentPostprocessing = 0;
		};
		C5BB261B2A9A74E1007F5947 /* Resources */ = {
			isa = PBXResourcesBuildPhase;
			buildActionMask = 2147483647;
			files = (
			);
			runOnlyForDeploymentPostprocessing = 0;
		};
/* End PBXResourcesBuildPhase section */

/* Begin PBXSourcesBuildPhase section */
		C5BB25FA2A9A74DE007F5947 /* Sources */ = {
			isa = PBXSourcesBuildPhase;
			buildActionMask = 2147483647;
			files = (
				C5F63F6E2A9E17650057AB25 /* ExampleDatabase.xcdatamodeld in Sources */,
				C5B95FEF2A9C750900A21123 /* Menu.swift in Sources */,
				C5F63F662A9E126F0057AB25 /* Persistence.swift in Sources */,
				C5B95FF12A9C778A00A21123 /* UserProfile.swift in Sources */,
				C5F63F712A9E195E0057AB25 /* DishRow.swift in Sources */,
				C5B95FE92A9C70DA00A21123 /* Onboarding.swift in Sources */,
				C5B95FED2A9C73FF00A21123 /* Home.swift in Sources */,
				C5BB260E2A9A74E0007F5947 /* little_lemon_capstone.xcdatamodeld in Sources */,
				C5F63F642A9E12680057AB25 /* FetchedObjects.swift in Sources */,
				C5F63F692A9E14000057AB25 /* MenuList.swift in Sources */,
				C5BB26022A9A74DE007F5947 /* little_lemon_capstoneApp.swift in Sources */,
				C5F63F6B2A9E14110057AB25 /* MenuItem.swift in Sources */,
			);
			runOnlyForDeploymentPostprocessing = 0;
		};
		C5BB260F2A9A74E1007F5947 /* Sources */ = {
			isa = PBXSourcesBuildPhase;
			buildActionMask = 2147483647;
			files = (
				C5BB26182A9A74E1007F5947 /* little_lemon_capstoneTests.swift in Sources */,
			);
			runOnlyForDeploymentPostprocessing = 0;
		};
		C5BB26192A9A74E1007F5947 /* Sources */ = {
			isa = PBXSourcesBuildPhase;
			buildActionMask = 2147483647;
			files = (
				C5BB26222A9A74E1007F5947 /* little_lemon_capstoneUITests.swift in Sources */,
				C5BB26242A9A74E1007F5947 /* little_lemon_capstoneUITestsLaunchTests.swift in Sources */,
			);
			runOnlyForDeploymentPostprocessing = 0;
		};
/* End PBXSourcesBuildPhase section */

/* Begin PBXTargetDependency section */
		C5BB26152A9A74E1007F5947 /* PBXTargetDependency */ = {
			isa = PBXTargetDependency;
			target = C5BB25FD2A9A74DE007F5947 /* little-lemon-capstone */;
			targetProxy = C5BB26142A9A74E1007F5947 /* PBXContainerItemProxy */;
		};
		C5BB261F2A9A74E1007F5947 /* PBXTargetDependency */ = {
			isa = PBXTargetDependency;
			target = C5BB25FD2A9A74DE007F5947 /* little-lemon-capstone */;
			targetProxy = C5BB261E2A9A74E1007F5947 /* PBXContainerItemProxy */;
		};
/* End PBXTargetDependency section */

/* Begin XCBuildConfiguration section */
		C5BB26252A9A74E1007F5947 /* Debug */ = {
			isa = XCBuildConfiguration;
			buildSettings = {
				ALWAYS_SEARCH_USER_PATHS = NO;
				CLANG_ANALYZER_NONNULL = YES;
				CLANG_ANALYZER_NUMBER_OBJECT_CONVERSION = YES_AGGRESSIVE;
				CLANG_CXX_LANGUAGE_STANDARD = "gnu++20";
				CLANG_ENABLE_MODULES = YES;
				CLANG_ENABLE_OBJC_ARC = YES;
				CLANG_ENABLE_OBJC_WEAK = YES;
				CLANG_WARN_BLOCK_CAPTURE_AUTORELEASING = YES;
				CLANG_WARN_BOOL_CONVERSION = YES;
				CLANG_WARN_COMMA = YES;
				CLANG_WARN_CONSTANT_CONVERSION = YES;
				CLANG_WARN_DEPRECATED_OBJC_IMPLEMENTATIONS = YES;
				CLANG_WARN_DIRECT_OBJC_ISA_USAGE = YES_ERROR;
				CLANG_WARN_DOCUMENTATION_COMMENTS = YES;
				CLANG_WARN_EMPTY_BODY = YES;
				CLANG_WARN_ENUM_CONVERSION = YES;
				CLANG_WARN_INFINITE_RECURSION = YES;
				CLANG_WARN_INT_CONVERSION = YES;
				CLANG_WARN_NON_LITERAL_NULL_CONVERSION = YES;
				CLANG_WARN_OBJC_IMPLICIT_RETAIN_SELF = YES;
				CLANG_WARN_OBJC_LITERAL_CONVERSION = YES;
				CLANG_WARN_OBJC_ROOT_CLASS = YES_ERROR;
				CLANG_WARN_QUOTED_INCLUDE_IN_FRAMEWORK_HEADER = YES;
				CLANG_WARN_RANGE_LOOP_ANALYSIS = YES;
				CLANG_WARN_STRICT_PROTOTYPES = YES;
				CLANG_WARN_SUSPICIOUS_MOVE = YES;
				CLANG_WARN_UNGUARDED_AVAILABILITY = YES_AGGRESSIVE;
				CLANG_WARN_UNREACHABLE_CODE = YES;
				CLANG_WARN__DUPLICATE_METHOD_MATCH = YES;
				COPY_PHASE_STRIP = NO;
				DEBUG_INFORMATION_FORMAT = dwarf;
				ENABLE_STRICT_OBJC_MSGSEND = YES;
				ENABLE_TESTABILITY = YES;
				GCC_C_LANGUAGE_STANDARD = gnu11;
				GCC_DYNAMIC_NO_PIC = NO;
				GCC_NO_COMMON_BLOCKS = YES;
				GCC_OPTIMIZATION_LEVEL = 0;
				GCC_PREPROCESSOR_DEFINITIONS = (
					"DEBUG=1",
					"$(inherited)",
				);
				GCC_WARN_64_TO_32_BIT_CONVERSION = YES;
				GCC_WARN_ABOUT_RETURN_TYPE = YES_ERROR;
				GCC_WARN_UNDECLARED_SELECTOR = YES;
				GCC_WARN_UNINITIALIZED_AUTOS = YES_AGGRESSIVE;
				GCC_WARN_UNUSED_FUNCTION = YES;
				GCC_WARN_UNUSED_VARIABLE = YES;
				IPHONEOS_DEPLOYMENT_TARGET = 16.4;
				MTL_ENABLE_DEBUG_INFO = INCLUDE_SOURCE;
				MTL_FAST_MATH = YES;
				ONLY_ACTIVE_ARCH = YES;
				SDKROOT = iphoneos;
				SWIFT_ACTIVE_COMPILATION_CONDITIONS = DEBUG;
				SWIFT_OPTIMIZATION_LEVEL = "-Onone";
			};
			name = Debug;
		};
		C5BB26262A9A74E1007F5947 /* Release */ = {
			isa = XCBuildConfiguration;
			buildSettings = {
				ALWAYS_SEARCH_USER_PATHS = NO;
				CLANG_ANALYZER_NONNULL = YES;
				CLANG_ANALYZER_NUMBER_OBJECT_CONVERSION = YES_AGGRESSIVE;
				CLANG_CXX_LANGUAGE_STANDARD = "gnu++20";
				CLANG_ENABLE_MODULES = YES;
				CLANG_ENABLE_OBJC_ARC = YES;
				CLANG_ENABLE_OBJC_WEAK = YES;
				CLANG_WARN_BLOCK_CAPTURE_AUTORELEASING = YES;
				CLANG_WARN_BOOL_CONVERSION = YES;
				CLANG_WARN_COMMA = YES;
				CLANG_WARN_CONSTANT_CONVERSION = YES;
				CLANG_WARN_DEPRECATED_OBJC_IMPLEMENTATIONS = YES;
				CLANG_WARN_DIRECT_OBJC_ISA_USAGE = YES_ERROR;
				CLANG_WARN_DOCUMENTATION_COMMENTS = YES;
				CLANG_WARN_EMPTY_BODY = YES;
				CLANG_WARN_ENUM_CONVERSION = YES;
				CLANG_WARN_INFINITE_RECURSION = YES;
				CLANG_WARN_INT_CONVERSION = YES;
				CLANG_WARN_NON_LITERAL_NULL_CONVERSION = YES;
				CLANG_WARN_OBJC_IMPLICIT_RETAIN_SELF = YES;
				CLANG_WARN_OBJC_LITERAL_CONVERSION = YES;
				CLANG_WARN_OBJC_ROOT_CLASS = YES_ERROR;
				CLANG_WARN_QUOTED_INCLUDE_IN_FRAMEWORK_HEADER = YES;
				CLANG_WARN_RANGE_LOOP_ANALYSIS = YES;
				CLANG_WARN_STRICT_PROTOTYPES = YES;
				CLANG_WARN_SUSPICIOUS_MOVE = YES;
				CLANG_WARN_UNGUARDED_AVAILABILITY = YES_AGGRESSIVE;
				CLANG_WARN_UNREACHABLE_CODE = YES;
				CLANG_WARN__DUPLICATE_METHOD_MATCH = YES;
				COPY_PHASE_STRIP = NO;
				DEBUG_INFORMATION_FORMAT = "dwarf-with-dsym";
				ENABLE_NS_ASSERTIONS = NO;
				ENABLE_STRICT_OBJC_MSGSEND = YES;
				GCC_C_LANGUAGE_STANDARD = gnu11;
				GCC_NO_COMMON_BLOCKS = YES;
				GCC_WARN_64_TO_32_BIT_CONVERSION = YES;
				GCC_WARN_ABOUT_RETURN_TYPE = YES_ERROR;
				GCC_WARN_UNDECLARED_SELECTOR = YES;
				GCC_WARN_UNINITIALIZED_AUTOS = YES_AGGRESSIVE;
				GCC_WARN_UNUSED_FUNCTION = YES;
				GCC_WARN_UNUSED_VARIABLE = YES;
				IPHONEOS_DEPLOYMENT_TARGET = 16.4;
				MTL_ENABLE_DEBUG_INFO = NO;
				MTL_FAST_MATH = YES;
				SDKROOT = iphoneos;
				SWIFT_COMPILATION_MODE = wholemodule;
				SWIFT_OPTIMIZATION_LEVEL = "-O";
				VALIDATE_PRODUCT = YES;
			};
			name = Release;
		};
		C5BB26282A9A74E1007F5947 /* Debug */ = {
			isa = XCBuildConfiguration;
			buildSettings = {
				ASSETCATALOG_COMPILER_APPICON_NAME = AppIcon;
				ASSETCATALOG_COMPILER_GLOBAL_ACCENT_COLOR_NAME = AccentColor;
				CODE_SIGN_STYLE = Automatic;
				CURRENT_PROJECT_VERSION = 1;
				DEVELOPMENT_ASSET_PATHS = "\"little-lemon-capstone/Preview Content\"";
				ENABLE_PREVIEWS = YES;
				GENERATE_INFOPLIST_FILE = YES;
				INFOPLIST_FILE = "little-lemon-capstone/Info.plist";
				INFOPLIST_KEY_UIApplicationSceneManifest_Generation = YES;
				INFOPLIST_KEY_UIApplicationSupportsIndirectInputEvents = YES;
				INFOPLIST_KEY_UILaunchScreen_Generation = YES;
				INFOPLIST_KEY_UISupportedInterfaceOrientations_iPad = "UIInterfaceOrientationPortrait UIInterfaceOrientationPortraitUpsideDown UIInterfaceOrientationLandscapeLeft UIInterfaceOrientationLandscapeRight";
				INFOPLIST_KEY_UISupportedInterfaceOrientations_iPhone = "UIInterfaceOrientationPortrait UIInterfaceOrientationLandscapeLeft UIInterfaceOrientationLandscapeRight";
				LD_RUNPATH_SEARCH_PATHS = (
					"$(inherited)",
					"@executable_path/Frameworks",
				);
				MARKETING_VERSION = 1.0;
				PRODUCT_BUNDLE_IDENTIFIER = "proj.little-lemon-capstone";
				PRODUCT_NAME = "$(TARGET_NAME)";
				SWIFT_EMIT_LOC_STRINGS = YES;
				SWIFT_VERSION = 5.0;
				TARGETED_DEVICE_FAMILY = "1,2";
			};
			name = Debug;
		};
		C5BB26292A9A74E1007F5947 /* Release */ = {
			isa = XCBuildConfiguration;
			buildSettings = {
				ASSETCATALOG_COMPILER_APPICON_NAME = AppIcon;
				ASSETCATALOG_COMPILER_GLOBAL_ACCENT_COLOR_NAME = AccentColor;
				CODE_SIGN_STYLE = Automatic;
				CURRENT_PROJECT_VERSION = 1;
				DEVELOPMENT_ASSET_PATHS = "\"little-lemon-capstone/Preview Content\"";
				ENABLE_PREVIEWS = YES;
				GENERATE_INFOPLIST_FILE = YES;
				INFOPLIST_FILE = "little-lemon-capstone/Info.plist";
				INFOPLIST_KEY_UIApplicationSceneManifest_Generation = YES;
				INFOPLIST_KEY_UIApplicationSupportsIndirectInputEvents = YES;
				INFOPLIST_KEY_UILaunchScreen_Generation = YES;
				INFOPLIST_KEY_UISupportedInterfaceOrientations_iPad = "UIInterfaceOrientationPortrait UIInterfaceOrientationPortraitUpsideDown UIInterfaceOrientationLandscapeLeft UIInterfaceOrientationLandscapeRight";
				INFOPLIST_KEY_UISupportedInterfaceOrientations_iPhone = "UIInterfaceOrientationPortrait UIInterfaceOrientationLandscapeLeft UIInterfaceOrientationLandscapeRight";
				LD_RUNPATH_SEARCH_PATHS = (
					"$(inherited)",
					"@executable_path/Frameworks",
				);
				MARKETING_VERSION = 1.0;
				PRODUCT_BUNDLE_IDENTIFIER = "proj.little-lemon-capstone";
				PRODUCT_NAME = "$(TARGET_NAME)";
				SWIFT_EMIT_LOC_STRINGS = YES;
				SWIFT_VERSION = 5.0;
				TARGETED_DEVICE_FAMILY = "1,2";
			};
			name = Release;
		};
		C5BB262B2A9A74E1007F5947 /* Debug */ = {
			isa = XCBuildConfiguration;
			buildSettings = {
				ALWAYS_EMBED_SWIFT_STANDARD_LIBRARIES = YES;
				BUNDLE_LOADER = "$(TEST_HOST)";
				CODE_SIGN_STYLE = Automatic;
				CURRENT_PROJECT_VERSION = 1;
				GENERATE_INFOPLIST_FILE = YES;
				IPHONEOS_DEPLOYMENT_TARGET = 16.4;
				MARKETING_VERSION = 1.0;
				PRODUCT_BUNDLE_IDENTIFIER = "proj.little-lemon-capstoneTests";
				PRODUCT_NAME = "$(TARGET_NAME)";
				SWIFT_EMIT_LOC_STRINGS = NO;
				SWIFT_VERSION = 5.0;
				TARGETED_DEVICE_FAMILY = "1,2";
				TEST_HOST = "$(BUILT_PRODUCTS_DIR)/little-lemon-capstone.app/$(BUNDLE_EXECUTABLE_FOLDER_PATH)/little-lemon-capstone";
			};
			name = Debug;
		};
		C5BB262C2A9A74E1007F5947 /* Release */ = {
			isa = XCBuildConfiguration;
			buildSettings = {
				ALWAYS_EMBED_SWIFT_STANDARD_LIBRARIES = YES;
				BUNDLE_LOADER = "$(TEST_HOST)";
				CODE_SIGN_STYLE = Automatic;
				CURRENT_PROJECT_VERSION = 1;
				GENERATE_INFOPLIST_FILE = YES;
				IPHONEOS_DEPLOYMENT_TARGET = 16.4;
				MARKETING_VERSION = 1.0;
				PRODUCT_BUNDLE_IDENTIFIER = "proj.little-lemon-capstoneTests";
				PRODUCT_NAME = "$(TARGET_NAME)";
				SWIFT_EMIT_LOC_STRINGS = NO;
				SWIFT_VERSION = 5.0;
				TARGETED_DEVICE_FAMILY = "1,2";
				TEST_HOST = "$(BUILT_PRODUCTS_DIR)/little-lemon-capstone.app/$(BUNDLE_EXECUTABLE_FOLDER_PATH)/little-lemon-capstone";
			};
			name = Release;
		};
		C5BB262E2A9A74E1007F5947 /* Debug */ = {
			isa = XCBuildConfiguration;
			buildSettings = {
				ALWAYS_EMBED_SWIFT_STANDARD_LIBRARIES = YES;
				CODE_SIGN_STYLE = Automatic;
				CURRENT_PROJECT_VERSION = 1;
				GENERATE_INFOPLIST_FILE = YES;
				MARKETING_VERSION = 1.0;
				PRODUCT_BUNDLE_IDENTIFIER = "proj.little-lemon-capstoneUITests";
				PRODUCT_NAME = "$(TARGET_NAME)";
				SWIFT_EMIT_LOC_STRINGS = NO;
				SWIFT_VERSION = 5.0;
				TARGETED_DEVICE_FAMILY = "1,2";
				TEST_TARGET_NAME = "little-lemon-capstone";
			};
			name = Debug;
		};
		C5BB262F2A9A74E1007F5947 /* Release */ = {
			isa = XCBuildConfiguration;
			buildSettings = {
				ALWAYS_EMBED_SWIFT_STANDARD_LIBRARIES = YES;
				CODE_SIGN_STYLE = Automatic;
				CURRENT_PROJECT_VERSION = 1;
				GENERATE_INFOPLIST_FILE = YES;
				MARKETING_VERSION = 1.0;
				PRODUCT_BUNDLE_IDENTIFIER = "proj.little-lemon-capstoneUITests";
				PRODUCT_NAME = "$(TARGET_NAME)";
				SWIFT_EMIT_LOC_STRINGS = NO;
				SWIFT_VERSION = 5.0;
				TARGETED_DEVICE_FAMILY = "1,2";
				TEST_TARGET_NAME = "little-lemon-capstone";
			};
			name = Release;
		};
/* End XCBuildConfiguration section */

/* Begin XCConfigurationList section */
		C5BB25F92A9A74DE007F5947 /* Build configuration list for PBXProject "little-lemon-capstone" */ = {
			isa = XCConfigurationList;
			buildConfigurations = (
				C5BB26252A9A74E1007F5947 /* Debug */,
				C5BB26262A9A74E1007F5947 /* Release */,
			);
			defaultConfigurationIsVisible = 0;
			defaultConfigurationName = Release;
		};
		C5BB26272A9A74E1007F5947 /* Build configuration list for PBXNativeTarget "little-lemon-capstone" */ = {
			isa = XCConfigurationList;
			buildConfigurations = (
				C5BB26282A9A74E1007F5947 /* Debug */,
				C5BB26292A9A74E1007F5947 /* Release */,
			);
			defaultConfigurationIsVisible = 0;
			defaultConfigurationName = Release;
		};
		C5BB262A2A9A74E1007F5947 /* Build configuration list for PBXNativeTarget "little-lemon-capstoneTests" */ = {
			isa = XCConfigurationList;
			buildConfigurations = (
				C5BB262B2A9A74E1007F5947 /* Debug */,
				C5BB262C2A9A74E1007F5947 /* Release */,
			);
			defaultConfigurationIsVisible = 0;
			defaultConfigurationName = Release;
		};
		C5BB262D2A9A74E1007F5947 /* Build configuration list for PBXNativeTarget "little-lemon-capstoneUITests" */ = {
			isa = XCConfigurationList;
			buildConfigurations = (
				C5BB262E2A9A74E1007F5947 /* Debug */,
				C5BB262F2A9A74E1007F5947 /* Release */,
			);
			defaultConfigurationIsVisible = 0;
			defaultConfigurationName = Release;
		};
/* End XCConfigurationList section */

/* Begin XCVersionGroup section */
		C5BB260C2A9A74E0007F5947 /* little_lemon_capstone.xcdatamodeld */ = {
			isa = XCVersionGroup;
			children = (
				C5BB260D2A9A74E0007F5947 /* little_lemon_capstone.xcdatamodel */,
			);
			currentVersion = C5BB260D2A9A74E0007F5947 /* little_lemon_capstone.xcdatamodel */;
			path = little_lemon_capstone.xcdatamodeld;
			sourceTree = "<group>";
			versionGroupType = wrapper.xcdatamodel;
		};
		C5F63F6C2A9E17650057AB25 /* ExampleDatabase.xcdatamodeld */ = {
			isa = XCVersionGroup;
			children = (
				C5F63F6D2A9E17650057AB25 /* ExampleDatabase.xcdatamodel */,
			);
			currentVersion = C5F63F6D2A9E17650057AB25 /* ExampleDatabase.xcdatamodel */;
			path = ExampleDatabase.xcdatamodeld;
			sourceTree = "<group>";
			versionGroupType = wrapper.xcdatamodel;
		};
/* End XCVersionGroup section */
	};
	rootObject = C5BB25F62A9A74DE007F5947 /* Project object */;
}
